
Microsoft Visual Studio Solution File, Format Version 12.00
# Visual Studio Version 17
VisualStudioVersion = 17.3.32929.385
MinimumVisualStudioVersion = 10.0.40219.1
Project("{2150E333-8FDC-42A3-9474-1A3956D46DE8}") = "Script", "Script", "{28797E1F-8AA8-4EA6-AF18-13F4BE4B5CCF}"
	ProjectSection(SolutionItems) = preProject
		..\Script\CompraInteligenteConfiguracao.sql = ..\Script\CompraInteligenteConfiguracao.sql
		..\Script\CompraInteligenteLog.sql = ..\Script\CompraInteligenteLog.sql
	EndProjectSection
EndProject
Project("{2150E333-8FDC-42A3-9474-1A3956D46DE8}") = "src", "src", "{1A3EA7FD-A2DC-44CF-B486-E6897A56E995}"
EndProject
Project("{2150E333-8FDC-42A3-9474-1A3956D46DE8}") = "core", "core", "{8BAC56B5-CEC5-4300-96D9-D9EF56AB548C}"
EndProject
Project("{2150E333-8FDC-42A3-9474-1A3956D46DE8}") = "Api", "Api", "{8835754D-2B58-46DD-A075-4117588D0813}"
EndProject
Project("{9A19103F-16F7-4668-BE54-9A1E7A4F7556}") = "CompraInteligente.Api", "CompraInteligente.Api\CompraInteligente.Api.csproj", "{F76D6CEC-4395-4EC8-9174-5819D3319968}"
EndProject
Project("{9A19103F-16F7-4668-BE54-9A1E7A4F7556}") = "CompraInteligente.Application", "CompraInteligente.Application\CompraInteligente.Application.csproj", "{E6CD38F8-52AF-49D5-96EB-AE6DB7772A66}"
EndProject
Project("{9A19103F-16F7-4668-BE54-9A1E7A4F7556}") = "CompraInteligente.ExternalServices", "CompraInteligente.ExternalServices\CompraInteligente.ExternalServices.csproj", "{4B324321-393E-497C-B8E3-930703435495}"
EndProject
Project("{9A19103F-16F7-4668-BE54-9A1E7A4F7556}") = "CompraInteligente.Persistence", "CompraInteligente.Persistence\CompraInteligente.Persistence.csproj", "{A27B2EF8-76B0-4312-BB76-98F6F2CE1672}"
EndProject
Project("{9A19103F-16F7-4668-BE54-9A1E7A4F7556}") = "CompraInteligente.Domain", "CompraInteligente.Domain\CompraInteligente.Domain.csproj", "{1468E4B6-2D9E-4219-AE66-D017A97451E4}"
EndProject
Project("{2150E333-8FDC-42A3-9474-1A3956D46DE8}") = "Worker", "Worker", "{1835BBEC-87B9-441C-BDB9-FCA2D2078B5F}"
EndProject
Project("{FAE04EC0-301F-11D3-BF4B-00C04F79EFBC}") = "CompraInteligente.Worker", "CompraInteligente.Worker\CompraInteligente.Worker.csproj", "{77254C17-CCBC-4435-99B6-A491E51D5A21}"
EndProject
Global
	GlobalSection(SolutionConfigurationPlatforms) = preSolution
		Debug|Any CPU = Debug|Any CPU
		Release|Any CPU = Release|Any CPU
	EndGlobalSection
	GlobalSection(ProjectConfigurationPlatforms) = postSolution
		{F76D6CEC-4395-4EC8-9174-5819D3319968}.Debug|Any CPU.ActiveCfg = Debug|Any CPU
		{F76D6CEC-4395-4EC8-9174-5819D3319968}.Debug|Any CPU.Build.0 = Debug|Any CPU
		{F76D6CEC-4395-4EC8-9174-5819D3319968}.Release|Any CPU.ActiveCfg = Release|Any CPU
		{F76D6CEC-4395-4EC8-9174-5819D3319968}.Release|Any CPU.Build.0 = Release|Any CPU
		{E6CD38F8-52AF-49D5-96EB-AE6DB7772A66}.Debug|Any CPU.ActiveCfg = Debug|Any CPU
		{E6CD38F8-52AF-49D5-96EB-AE6DB7772A66}.Debug|Any CPU.Build.0 = Debug|Any CPU
		{E6CD38F8-52AF-49D5-96EB-AE6DB7772A66}.Release|Any CPU.ActiveCfg = Release|Any CPU
		{E6CD38F8-52AF-49D5-96EB-AE6DB7772A66}.Release|Any CPU.Build.0 = Release|Any CPU
		{4B324321-393E-497C-B8E3-930703435495}.Debug|Any CPU.ActiveCfg = Debug|Any CPU
		{4B324321-393E-497C-B8E3-930703435495}.Debug|Any CPU.Build.0 = Debug|Any CPU
		{4B324321-393E-497C-B8E3-930703435495}.Release|Any CPU.ActiveCfg = Release|Any CPU
		{4B324321-393E-497C-B8E3-930703435495}.Release|Any CPU.Build.0 = Release|Any CPU
		{A27B2EF8-76B0-4312-BB76-98F6F2CE1672}.Debug|Any CPU.ActiveCfg = Debug|Any CPU
		{A27B2EF8-76B0-4312-BB76-98F6F2CE1672}.Debug|Any CPU.Build.0 = Debug|Any CPU
		{A27B2EF8-76B0-4312-BB76-98F6F2CE1672}.Release|Any CPU.ActiveCfg = Release|Any CPU
		{A27B2EF8-76B0-4312-BB76-98F6F2CE1672}.Release|Any CPU.Build.0 = Release|Any CPU
		{1468E4B6-2D9E-4219-AE66-D017A97451E4}.Debug|Any CPU.ActiveCfg = Debug|Any CPU
		{1468E4B6-2D9E-4219-AE66-D017A97451E4}.Debug|Any CPU.Build.0 = Debug|Any CPU
		{1468E4B6-2D9E-4219-AE66-D017A97451E4}.Release|Any CPU.ActiveCfg = Release|Any CPU
		{1468E4B6-2D9E-4219-AE66-D017A97451E4}.Release|Any CPU.Build.0 = Release|Any CPU
		{77254C17-CCBC-4435-99B6-A491E51D5A21}.Debug|Any CPU.ActiveCfg = Debug|Any CPU
		{77254C17-CCBC-4435-99B6-A491E51D5A21}.Debug|Any CPU.Build.0 = Debug|Any CPU
		{77254C17-CCBC-4435-99B6-A491E51D5A21}.Release|Any CPU.ActiveCfg = Release|Any CPU
		{77254C17-CCBC-4435-99B6-A491E51D5A21}.Release|Any CPU.Build.0 = Release|Any CPU
	EndGlobalSection
	GlobalSection(SolutionProperties) = preSolution
		HideSolutionNode = FALSE
	EndGlobalSection
	GlobalSection(NestedProjects) = preSolution
		{8BAC56B5-CEC5-4300-96D9-D9EF56AB548C} = {1A3EA7FD-A2DC-44CF-B486-E6897A56E995}
		{8835754D-2B58-46DD-A075-4117588D0813} = {1A3EA7FD-A2DC-44CF-B486-E6897A56E995}
		{F76D6CEC-4395-4EC8-9174-5819D3319968} = {8835754D-2B58-46DD-A075-4117588D0813}
		{E6CD38F8-52AF-49D5-96EB-AE6DB7772A66} = {8BAC56B5-CEC5-4300-96D9-D9EF56AB548C}
		{4B324321-393E-497C-B8E3-930703435495} = {8BAC56B5-CEC5-4300-96D9-D9EF56AB548C}
		{A27B2EF8-76B0-4312-BB76-98F6F2CE1672} = {8BAC56B5-CEC5-4300-96D9-D9EF56AB548C}
		{1468E4B6-2D9E-4219-AE66-D017A97451E4} = {8BAC56B5-CEC5-4300-96D9-D9EF56AB548C}
		{1835BBEC-87B9-441C-BDB9-FCA2D2078B5F} = {1A3EA7FD-A2DC-44CF-B486-E6897A56E995}
		{77254C17-CCBC-4435-99B6-A491E51D5A21} = {1835BBEC-87B9-441C-BDB9-FCA2D2078B5F}
	EndGlobalSection
	GlobalSection(ExtensibilityGlobals) = postSolution
		SolutionGuid = {97C68B98-3BE5-42C0-B4AC-8FE25EFC1ED6}
	EndGlobalSection
EndGlobal
